{
  "object": {
    "pins": [
      {
        "package": "VCExtensions",
        "repositoryURL": "git@github.com:avreolko/VCExtensions.git",
        "state": {
          "branch": "master",
          "revision": "cbd6795b6d1a9f0534ac61c159331413f62e019c",
          "version": null
        }
      },
      {
        "package": "VCReorderableStackView",
        "repositoryURL": "https://github.com/avreolko/VCReorderableStackView.git",
        "state": {
          "branch": "master",
          "revision": "408e5775aaf569d27a1e153315b8d46e7d22fc4b",
          "version": null
        }
      }
    ]
  },
  "version": 1
}
